Microsoft Visual Studio Solution File, Format Version 10.00
# Visual Studio 2008
Project("{8BC9CEB8-8B4A-11D0-8D11-00A0C91BC942}") = "shortcircuit_vsti", "shortcircuit.vcproj", "{DEE898D7-B1E3-4857-9643-D808B22F7C1E}"
EndProject
Global
	GlobalSection(SolutionConfigurationPlatforms) = preSolution
		Debug|Win32 = Debug|Win32
		Debug|x64 = Debug|x64
		Release|Win32 = Release|Win32
		Release|x64 = Release|x64
		ReleaseP3|Win32 = ReleaseP3|Win32
		ReleaseP3|x64 = ReleaseP3|x64
	EndGlobalSection
	GlobalSection(ProjectConfigurationPlatforms) = postSolution
		{DEE898D7-B1E3-4857-9643-D808B22F7C1E}.Debug|Win32.ActiveCfg = Debug|Win32
		{DEE898D7-B1E3-4857-9643-D808B22F7C1E}.Debug|Win32.Build.0 = Debug|Win32
		{DEE898D7-B1E3-4857-9643-D808B22F7C1E}.Debug|x64.ActiveCfg = Debug|x64
		{DEE898D7-B1E3-4857-9643-D808B22F7C1E}.Debug|x64.Build.0 = Debug|x64
		{DEE898D7-B1E3-4857-9643-D808B22F7C1E}.Release|Win32.ActiveCfg = Release|Win32
		{DEE898D7-B1E3-4857-9643-D808B22F7C1E}.Release|Win32.Build.0 = Release|Win32
		{DEE898D7-B1E3-4857-9643-D808B22F7C1E}.Release|x64.ActiveCfg = Release|x64
		{DEE898D7-B1E3-4857-9643-D808B22F7C1E}.Release|x64.Build.0 = Release|x64
		{DEE898D7-B1E3-4857-9643-D808B22F7C1E}.ReleaseP3|Win32.ActiveCfg = ReleaseP3|Win32
		{DEE898D7-B1E3-4857-9643-D808B22F7C1E}.ReleaseP3|Win32.Build.0 = ReleaseP3|Win32
		{DEE898D7-B1E3-4857-9643-D808B22F7C1E}.ReleaseP3|x64.ActiveCfg = ReleaseP3|x64
		{DEE898D7-B1E3-4857-9643-D808B22F7C1E}.ReleaseP3|x64.Build.0 = ReleaseP3|x64
	EndGlobalSection
	GlobalSection(SolutionProperties) = preSolution
		HideSolutionNode = FALSE
	EndGlobalSection
EndGlobal
